{
  "name": "kehu",
  "version": "0.0.1",
  "lockfileVersion": 1,
  "requires": true,
  "dependencies": {
    "react-native-accordion": {
      "version": "1.0.1",
      "resolved": "http://registry.npm.taobao.org/react-native-accordion/download/react-native-accordion-1.0.1.tgz",
      "integrity": "sha1-EIasASudfJDNHv0BTygEuqFqH1s=",
      "requires": {
        "react-tween-state": "0.0.5"
      }
    },
    "react-tween-state": {
      "version": "0.0.5",
      "resolved": "http://registry.npm.taobao.org/react-tween-state/download/react-tween-state-0.0.5.tgz",
      "integrity": "sha1-vSXCfyVYuDmmx67juF+rlndg0dI=",
      "requires": {
        "tween-functions": "1.2.0"
      }
    },
    "tween-functions": {
      "version": "1.2.0",
      "resolved": "http://registry.npm.taobao.org/tween-functions/download/tween-functions-1.2.0.tgz",
      "integrity": "sha1-GuOlDnxguz3vd06scHrLynO7w/8="
    }
  }
}
